
Microsoft Visual Studio Solution File, Format Version 12.00
# Visual Studio 14
VisualStudioVersion = 14.0.25420.1
MinimumVisualStudioVersion = 10.0.40219.1
Project("{8BC9CEB8-8B4A-11D0-8D11-00A0C91BC942}") = "suloki_esframework", "suloki_esframework.vcxproj", "{1B0C0C8F-21A7-4A4E-8589-69A20B513AE4}"
	ProjectSection(ProjectDependencies) = postProject
		{63E0EA99-7703-4D37-9AE2-2871AD59EC54} = {63E0EA99-7703-4D37-9AE2-2871AD59EC54}
	EndProjectSection
EndProject
Project("{8BC9CEB8-8B4A-11D0-8D11-00A0C91BC942}") = "suloki", "..\..\library\suloki.vcxproj", "{63E0EA99-7703-4D37-9AE2-2871AD59EC54}"
EndProject
Global
	GlobalSection(SolutionConfigurationPlatforms) = preSolution
		Debug|x64 = Debug|x64
		Debug|x86 = Debug|x86
		Release|x64 = Release|x64
		Release|x86 = Release|x86
	EndGlobalSection
	GlobalSection(ProjectConfigurationPlatforms) = postSolution
		{1B0C0C8F-21A7-4A4E-8589-69A20B513AE4}.Debug|x64.ActiveCfg = Debug|x64
		{1B0C0C8F-21A7-4A4E-8589-69A20B513AE4}.Debug|x64.Build.0 = Debug|x64
		{1B0C0C8F-21A7-4A4E-8589-69A20B513AE4}.Debug|x86.ActiveCfg = Debug|Win32
		{1B0C0C8F-21A7-4A4E-8589-69A20B513AE4}.Debug|x86.Build.0 = Debug|Win32
		{1B0C0C8F-21A7-4A4E-8589-69A20B513AE4}.Release|x64.ActiveCfg = Release|x64
		{1B0C0C8F-21A7-4A4E-8589-69A20B513AE4}.Release|x64.Build.0 = Release|x64
		{1B0C0C8F-21A7-4A4E-8589-69A20B513AE4}.Release|x86.ActiveCfg = Release|Win32
		{1B0C0C8F-21A7-4A4E-8589-69A20B513AE4}.Release|x86.Build.0 = Release|Win32
		{63E0EA99-7703-4D37-9AE2-2871AD59EC54}.Debug|x64.ActiveCfg = Debug|x64
		{63E0EA99-7703-4D37-9AE2-2871AD59EC54}.Debug|x64.Build.0 = Debug|x64
		{63E0EA99-7703-4D37-9AE2-2871AD59EC54}.Debug|x86.ActiveCfg = Debug|Win32
		{63E0EA99-7703-4D37-9AE2-2871AD59EC54}.Debug|x86.Build.0 = Debug|Win32
		{63E0EA99-7703-4D37-9AE2-2871AD59EC54}.Release|x64.ActiveCfg = Release|x64
		{63E0EA99-7703-4D37-9AE2-2871AD59EC54}.Release|x64.Build.0 = Release|x64
		{63E0EA99-7703-4D37-9AE2-2871AD59EC54}.Release|x86.ActiveCfg = Release|Win32
		{63E0EA99-7703-4D37-9AE2-2871AD59EC54}.Release|x86.Build.0 = Release|Win32
	EndGlobalSection
	GlobalSection(SolutionProperties) = preSolution
		HideSolutionNode = FALSE
	EndGlobalSection
EndGlobal
